<?xml version="1.0" encoding="utf-8"?>
<Project ToolsVersion="4.0" xmlns="http://schemas.microsoft.com/developer/msbuild/2003">
  <ItemGroup>
    <Filter Include="win32">
      <UniqueIdentifier>{84a8ebd7-7cf0-47f6-b75e-d441df67da40}</UniqueIdentifier>
    </Filter>
    <Filter Include="resource">
      <UniqueIdentifier>{715254bc-d70b-4ec5-bf29-467dd3ace079}</UniqueIdentifier>
    </Filter>
    <Filter Include="src">
      <UniqueIdentifier>{bb6c862e-70e9-49d9-81b7-3829a6f50471}</UniqueIdentifier>
    </Filter>
    <Filter Include="src\BabyEngine">
      <UniqueIdentifier>{bd6deed9-c8ff-469e-88d4-f117d5833878}</UniqueIdentifier>
    </Filter>
    <Filter Include="src\BabyEngine\Actor">
      <UniqueIdentifier>{6457fc25-146b-4b27-8f30-a0b36c3d4228}</UniqueIdentifier>
    </Filter>
    <Filter Include="src\BabyEngine\Event">
      <UniqueIdentifier>{116807ac-e8f6-4a15-97d2-4f8c2ee36083}</UniqueIdentifier>
    </Filter>
    <Filter Include="src\BabyEngine\Graphic2D">
      <UniqueIdentifier>{3f12408d-454b-4032-bc1f-0e2d05249480}</UniqueIdentifier>
    </Filter>
    <Filter Include="src\BabyEngine\GameLogic">
      <UniqueIdentifier>{9dc9bba8-f129-4eac-b27b-71e836f8488b}</UniqueIdentifier>
    </Filter>
    <Filter Include="src\BabyEngine\Process">
      <UniqueIdentifier>{5256a001-f175-4c23-801e-116d96bdc276}</UniqueIdentifier>
    </Filter>
    <Filter Include="src\BabyWars">
      <UniqueIdentifier>{ee05c75d-9afb-41ed-955d-2c8becc4ccf0}</UniqueIdentifier>
    </Filter>
    <Filter Include="src\BabyWars\Resource">
      <UniqueIdentifier>{70db2d60-0cd9-40b2-af29-66ff802fac5a}</UniqueIdentifier>
    </Filter>
    <Filter Include="src\BabyWars\Script">
      <UniqueIdentifier>{0c297649-88d8-4607-9845-df3df3e91f4c}</UniqueIdentifier>
    </Filter>
    <Filter Include="src\BabyEngine\Utilities">
      <UniqueIdentifier>{7b5e476a-9b3b-4f4e-9cb0-fcd28bf93b08}</UniqueIdentifier>
    </Filter>
    <Filter Include="src\BabyWars\Actor">
      <UniqueIdentifier>{73e738e2-851b-4c54-943a-601d224c4e12}</UniqueIdentifier>
    </Filter>
    <Filter Include="src\BabyWars\GameLogic">
      <UniqueIdentifier>{ad5435e6-c13b-4ee3-a56a-1e635876d212}</UniqueIdentifier>
    </Filter>
    <Filter Include="src\BabyEngine\UserInterface">
      <UniqueIdentifier>{d9ea6089-61ae-49be-9407-e9a670a29e3c}</UniqueIdentifier>
    </Filter>
    <Filter Include="src\BabyWars\UserInterface">
      <UniqueIdentifier>{f74b2f6e-a635-452f-94eb-ea7534f88d59}</UniqueIdentifier>
    </Filter>
    <Filter Include="src\BabyWars\Graphic2D">
      <UniqueIdentifier>{4184babd-512d-4940-b385-57bedee3084a}</UniqueIdentifier>
    </Filter>
    <Filter Include="src\BabyWars\Event">
      <UniqueIdentifier>{bf174404-3ec6-4387-85c2-0c2378cffa49}</UniqueIdentifier>
    </Filter>
    <Filter Include="src\BabyWars\Utilities">
      <UniqueIdentifier>{0eb5e7b7-a957-4bb1-a894-69a75149623c}</UniqueIdentifier>
    </Filter>
    <Filter Include="src\BabyEngine\Actor\RenderComponent">
      <UniqueIdentifier>{e3a6b3f9-f0db-443a-906d-567da2cfaadf}</UniqueIdentifier>
    </Filter>
    <Filter Include="src\BabyEngine\Utilities\XMLSerialization">
      <UniqueIdentifier>{4c00a287-a0a0-4ab4-86b7-c41f6fb20b8c}</UniqueIdentifier>
    </Filter>
  </ItemGroup>
  <ItemGroup>
    <ClCompile Include="main.cpp">
      <Filter>win32</Filter>
    </ClCompile>
    <ClCompile Include="..\Classes\AppDelegate.cpp">
      <Filter>src</Filter>
    </ClCompile>
    <ClCompile Include="..\Classes\HelloWorldScene.cpp">
      <Filter>src</Filter>
    </ClCompile>
    <ClCompile Include="..\Classes\BabyEngine\Actor\Actor.cpp">
      <Filter>src\BabyEngine\Actor</Filter>
    </ClCompile>
    <ClCompile Include="..\Classes\BabyEngine\Actor\ActorComponent.cpp">
      <Filter>src\BabyEngine\Actor</Filter>
    </ClCompile>
    <ClCompile Include="..\Classes\BabyEngine\Actor\BaseScriptComponent.cpp">
      <Filter>src\BabyEngine\Actor</Filter>
    </ClCompile>
    <ClCompile Include="..\Classes\BabyEngine\Actor\FiniteTimeActionComponent.cpp">
      <Filter>src\BabyEngine\Actor</Filter>
    </ClCompile>
    <ClCompile Include="..\Classes\BabyEngine\Event\EventDispatcher.cpp">
      <Filter>src\BabyEngine\Event</Filter>
    </ClCompile>
    <ClCompile Include="..\Classes\BabyEngine\Process\BaseProcess.cpp">
      <Filter>src\BabyEngine\Process</Filter>
    </ClCompile>
    <ClCompile Include="..\Classes\BabyEngine\Process\ProcessRunner.cpp">
      <Filter>src\BabyEngine\Process</Filter>
    </ClCompile>
    <ClCompile Include="..\Classes\BabyEngine\Utilities\RelativePosition.cpp">
      <Filter>src\BabyEngine\Utilities</Filter>
    </ClCompile>
    <ClCompile Include="..\Classes\BabyEngine\Utilities\SingletonContainer.cpp">
      <Filter>src\BabyEngine\Utilities</Filter>
    </ClCompile>
    <ClCompile Include="..\Classes\BabyWars\Resource\ResourceLoader.cpp">
      <Filter>src\BabyWars\Resource</Filter>
    </ClCompile>
    <ClCompile Include="..\Classes\BabyWars\Resource\TileData.cpp">
      <Filter>src\BabyWars\Resource</Filter>
    </ClCompile>
    <ClCompile Include="..\Classes\BabyWars\Resource\UnitData.cpp">
      <Filter>src\BabyWars\Resource</Filter>
    </ClCompile>
    <ClCompile Include="..\Classes\BabyWars\Script\TileMapScript.cpp">
      <Filter>src\BabyWars\Script</Filter>
    </ClCompile>
    <ClCompile Include="..\Classes\BabyWars\Script\TileScript.cpp">
      <Filter>src\BabyWars\Script</Filter>
    </ClCompile>
    <ClCompile Include="..\Classes\BabyWars\Script\UnitMapScript.cpp">
      <Filter>src\BabyWars\Script</Filter>
    </ClCompile>
    <ClCompile Include="..\Classes\BabyWars\Script\UnitScript.cpp">
      <Filter>src\BabyWars\Script</Filter>
    </ClCompile>
    <ClCompile Include="..\Classes\BabyWars\Script\WarSceneScript.cpp">
      <Filter>src\BabyWars\Script</Filter>
    </ClCompile>
    <ClCompile Include="..\Classes\BabyEngine\GameLogic\BaseGameLogic.cpp">
      <Filter>src\BabyEngine\GameLogic</Filter>
    </ClCompile>
    <ClCompile Include="..\Classes\BabyEngine\Actor\BaseActorFactory.cpp">
      <Filter>src\BabyEngine\Actor</Filter>
    </ClCompile>
    <ClCompile Include="..\Classes\BabyWars\Actor\BabyWarsActorFactory.cpp">
      <Filter>src\BabyWars\Actor</Filter>
    </ClCompile>
    <ClCompile Include="..\Classes\BabyWars\GameLogic\BabyWarsGameLogic.cpp">
      <Filter>src\BabyWars\GameLogic</Filter>
    </ClCompile>
    <ClCompile Include="..\Classes\BabyEngine\Event\EvtDataRequestDestroyActor.cpp">
      <Filter>src\BabyEngine\Event</Filter>
    </ClCompile>
    <ClCompile Include="..\Classes\BabyEngine\UserInterface\BaseHumanView.cpp">
      <Filter>src\BabyEngine\UserInterface</Filter>
    </ClCompile>
    <ClCompile Include="..\Classes\BabyEngine\UserInterface\BaseGameView.cpp">
      <Filter>src\BabyEngine\UserInterface</Filter>
    </ClCompile>
    <ClCompile Include="..\Classes\BabyWars\UserInterface\BabyWarsHumanView.cpp">
      <Filter>src\BabyWars\UserInterface</Filter>
    </ClCompile>
    <ClCompile Include="..\Classes\BabyWars\Event\EvtDataDragScene.cpp">
      <Filter>src\BabyWars\Event</Filter>
    </ClCompile>
    <ClCompile Include="..\Classes\BabyWars\Event\EvtDataActivateUnitAtPosition.cpp">
      <Filter>src\BabyWars\Event</Filter>
    </ClCompile>
    <ClCompile Include="..\Classes\BabyWars\Event\EvtDataDeactivateActiveUnit.cpp">
      <Filter>src\BabyWars\Event</Filter>
    </ClCompile>
    <ClCompile Include="..\Classes\BabyWars\Script\MovingPathScript.cpp">
      <Filter>src\BabyWars\Script</Filter>
    </ClCompile>
    <ClCompile Include="..\Classes\BabyWars\Script\MovingAreaGridScript.cpp">
      <Filter>src\BabyWars\Script</Filter>
    </ClCompile>
    <ClCompile Include="..\Classes\BabyWars\Script\MovingAreaScript.cpp">
      <Filter>src\BabyWars\Script</Filter>
    </ClCompile>
    <ClCompile Include="..\Classes\BabyWars\Utilities\MovingArea.cpp">
      <Filter>src\BabyWars\Utilities</Filter>
    </ClCompile>
    <ClCompile Include="..\Classes\BabyWars\Utilities\MovingPath.cpp">
      <Filter>src\BabyWars\Utilities</Filter>
    </ClCompile>
    <ClCompile Include="..\Classes\BabyWars\Script\MovingPathGridScript.cpp">
      <Filter>src\BabyWars\Script</Filter>
    </ClCompile>
    <ClCompile Include="..\Classes\BabyWars\Event\EvtDataMakeMovingPath.cpp">
      <Filter>src\BabyWars\Event</Filter>
    </ClCompile>
    <ClCompile Include="..\Classes\BabyWars\Event\EvtDataFinishMakeMovingPath.cpp">
      <Filter>src\BabyWars\Event</Filter>
    </ClCompile>
    <ClCompile Include="..\Classes\BabyWars\Utilities\GridIndex.cpp">
      <Filter>src\BabyWars\Utilities</Filter>
    </ClCompile>
    <ClCompile Include="..\Classes\BabyEngine\Actor\TransformComponent.cpp">
      <Filter>src\BabyEngine\Actor</Filter>
    </ClCompile>
    <ClCompile Include="..\Classes\BabyEngine\Actor\BaseRenderComponent.cpp">
      <Filter>src\BabyEngine\Actor\RenderComponent</Filter>
    </ClCompile>
    <ClCompile Include="..\Classes\BabyEngine\Actor\SceneRenderComponent.cpp">
      <Filter>src\BabyEngine\Actor\RenderComponent</Filter>
    </ClCompile>
    <ClCompile Include="..\Classes\BabyEngine\Actor\GeneralRenderComponent.cpp">
      <Filter>src\BabyEngine\Actor\RenderComponent</Filter>
    </ClCompile>
    <ClCompile Include="..\Classes\BabyEngine\Actor\SpriteRenderComponent.cpp">
      <Filter>src\BabyEngine\Actor\RenderComponent</Filter>
    </ClCompile>
    <ClCompile Include="..\Classes\BabyEngine\Graphic2D\BaseController.cpp">
      <Filter>src\BabyEngine\Graphic2D</Filter>
    </ClCompile>
    <ClCompile Include="..\Classes\BabyEngine\Utilities\SetSceneNodePropertiesWithXML.cpp">
      <Filter>src\BabyEngine\Utilities\XMLSerialization</Filter>
    </ClCompile>
    <ClCompile Include="..\Classes\BabyEngine\Utilities\XMLToColor3B.cpp">
      <Filter>src\BabyEngine\Utilities\XMLSerialization</Filter>
    </ClCompile>
    <ClCompile Include="..\Classes\BabyEngine\Utilities\XMLToLabel.cpp">
      <Filter>src\BabyEngine\Utilities\XMLSerialization</Filter>
    </ClCompile>
    <ClCompile Include="..\Classes\BabyEngine\Utilities\XMLToLayer.cpp">
      <Filter>src\BabyEngine\Utilities\XMLSerialization</Filter>
    </ClCompile>
    <ClCompile Include="..\Classes\BabyEngine\Utilities\XMLToMenu.cpp">
      <Filter>src\BabyEngine\Utilities\XMLSerialization</Filter>
    </ClCompile>
    <ClCompile Include="..\Classes\BabyEngine\Utilities\XMLToMenuItemImage.cpp">
      <Filter>src\BabyEngine\Utilities\XMLSerialization</Filter>
    </ClCompile>
    <ClCompile Include="..\Classes\BabyEngine\Utilities\XMLToNode.cpp">
      <Filter>src\BabyEngine\Utilities\XMLSerialization</Filter>
    </ClCompile>
    <ClCompile Include="..\Classes\BabyEngine\Utilities\XMLToParticleExplosion.cpp">
      <Filter>src\BabyEngine\Utilities\XMLSerialization</Filter>
    </ClCompile>
    <ClCompile Include="..\Classes\BabyEngine\Utilities\XMLToScene.cpp">
      <Filter>src\BabyEngine\Utilities\XMLSerialization</Filter>
    </ClCompile>
    <ClCompile Include="..\Classes\BabyEngine\Utilities\XMLToSprite.cpp">
      <Filter>src\BabyEngine\Utilities\XMLSerialization</Filter>
    </ClCompile>
    <ClCompile Include="..\Classes\BabyEngine\Utilities\XMLToTransitionScene.cpp">
      <Filter>src\BabyEngine\Utilities\XMLSerialization</Filter>
    </ClCompile>
    <ClCompile Include="..\Classes\BabyEngine\Event\EvtDataInputTouch.cpp">
      <Filter>src\BabyEngine\Event</Filter>
    </ClCompile>
    <ClCompile Include="..\Classes\BabyEngine\Event\EvtDataInputDrag.cpp">
      <Filter>src\BabyEngine\Event</Filter>
    </ClCompile>
    <ClCompile Include="..\Classes\BabyEngine\Graphic2D\TouchAndDragController.cpp">
      <Filter>src\BabyEngine\Graphic2D</Filter>
    </ClCompile>
    <ClCompile Include="..\Classes\BabyWars\Script\WarFieldScript.cpp">
      <Filter>src\BabyWars\Script</Filter>
    </ClCompile>
  </ItemGroup>
  <ItemGroup>
    <ClInclude Include="main.h">
      <Filter>win32</Filter>
    </ClInclude>
    <ClInclude Include="..\Classes\AppDelegate.h">
      <Filter>src</Filter>
    </ClInclude>
    <ClInclude Include="..\Classes\HelloWorldScene.h">
      <Filter>src</Filter>
    </ClInclude>
    <ClInclude Include="..\Classes\BabyEngine\Actor\Actor.h">
      <Filter>src\BabyEngine\Actor</Filter>
    </ClInclude>
    <ClInclude Include="..\Classes\BabyEngine\Actor\ActorComponent.h">
      <Filter>src\BabyEngine\Actor</Filter>
    </ClInclude>
    <ClInclude Include="..\Classes\BabyEngine\Actor\ActorID.h">
      <Filter>src\BabyEngine\Actor</Filter>
    </ClInclude>
    <ClInclude Include="..\Classes\BabyEngine\Actor\BaseScriptComponent.h">
      <Filter>src\BabyEngine\Actor</Filter>
    </ClInclude>
    <ClInclude Include="..\Classes\BabyEngine\Actor\FiniteTimeActionComponent.h">
      <Filter>src\BabyEngine\Actor</Filter>
    </ClInclude>
    <ClInclude Include="..\Classes\BabyEngine\Actor\SoundPlayer.h">
      <Filter>src\BabyEngine\Actor</Filter>
    </ClInclude>
    <ClInclude Include="..\Classes\BabyEngine\Event\BaseEventData.h">
      <Filter>src\BabyEngine\Event</Filter>
    </ClInclude>
    <ClInclude Include="..\Classes\BabyEngine\Event\EventDispatcher.h">
      <Filter>src\BabyEngine\Event</Filter>
    </ClInclude>
    <ClInclude Include="..\Classes\BabyEngine\Event\EventType.h">
      <Filter>src\BabyEngine\Event</Filter>
    </ClInclude>
    <ClInclude Include="..\Classes\BabyEngine\Event\EvtDataGeneric.h">
      <Filter>src\BabyEngine\Event</Filter>
    </ClInclude>
    <ClInclude Include="..\Classes\BabyEngine\Event\EvtDataRequestDestroyActor.h">
      <Filter>src\BabyEngine\Event</Filter>
    </ClInclude>
    <ClInclude Include="..\Classes\BabyEngine\Event\IEventData.h">
      <Filter>src\BabyEngine\Event</Filter>
    </ClInclude>
    <ClInclude Include="..\Classes\BabyEngine\Event\IEventDispatcher.h">
      <Filter>src\BabyEngine\Event</Filter>
    </ClInclude>
    <ClInclude Include="..\Classes\BabyEngine\Process\BaseProcess.h">
      <Filter>src\BabyEngine\Process</Filter>
    </ClInclude>
    <ClInclude Include="..\Classes\BabyEngine\Process\ProcessRunner.h">
      <Filter>src\BabyEngine\Process</Filter>
    </ClInclude>
    <ClInclude Include="..\Classes\BabyEngine\Utilities\GenericFactory.h">
      <Filter>src\BabyEngine\Utilities</Filter>
    </ClInclude>
    <ClInclude Include="..\Classes\BabyEngine\Utilities\RelativePosition.h">
      <Filter>src\BabyEngine\Utilities</Filter>
    </ClInclude>
    <ClInclude Include="..\Classes\BabyEngine\Utilities\SingletonContainer.h">
      <Filter>src\BabyEngine\Utilities</Filter>
    </ClInclude>
    <ClInclude Include="..\Classes\BabyEngine\Utilities\StringToVector.h">
      <Filter>src\BabyEngine\Utilities</Filter>
    </ClInclude>
    <ClInclude Include="..\Classes\BabyWars\Resource\ResourceLoader.h">
      <Filter>src\BabyWars\Resource</Filter>
    </ClInclude>
    <ClInclude Include="..\Classes\BabyWars\Resource\TileData.h">
      <Filter>src\BabyWars\Resource</Filter>
    </ClInclude>
    <ClInclude Include="..\Classes\BabyWars\Resource\TileDataID.h">
      <Filter>src\BabyWars\Resource</Filter>
    </ClInclude>
    <ClInclude Include="..\Classes\BabyWars\Resource\UnitData.h">
      <Filter>src\BabyWars\Resource</Filter>
    </ClInclude>
    <ClInclude Include="..\Classes\BabyWars\Resource\UnitDataID.h">
      <Filter>src\BabyWars\Resource</Filter>
    </ClInclude>
    <ClInclude Include="..\Classes\BabyWars\Script\TileMapScript.h">
      <Filter>src\BabyWars\Script</Filter>
    </ClInclude>
    <ClInclude Include="..\Classes\BabyWars\Script\TileScript.h">
      <Filter>src\BabyWars\Script</Filter>
    </ClInclude>
    <ClInclude Include="..\Classes\BabyWars\Script\UnitMapScript.h">
      <Filter>src\BabyWars\Script</Filter>
    </ClInclude>
    <ClInclude Include="..\Classes\BabyWars\Script\UnitScript.h">
      <Filter>src\BabyWars\Script</Filter>
    </ClInclude>
    <ClInclude Include="..\Classes\BabyWars\Script\WarSceneScript.h">
      <Filter>src\BabyWars\Script</Filter>
    </ClInclude>
    <ClInclude Include="..\Classes\BabyEngine\GameLogic\BaseGameLogic.h">
      <Filter>src\BabyEngine\GameLogic</Filter>
    </ClInclude>
    <ClInclude Include="..\Classes\BabyEngine\Actor\BaseActorFactory.h">
      <Filter>src\BabyEngine\Actor</Filter>
    </ClInclude>
    <ClInclude Include="..\Classes\BabyWars\Actor\BabyWarsActorFactory.h">
      <Filter>src\BabyWars\Actor</Filter>
    </ClInclude>
    <ClInclude Include="..\Classes\BabyWars\GameLogic\BabyWarsGameLogic.h">
      <Filter>src\BabyWars\GameLogic</Filter>
    </ClInclude>
    <ClInclude Include="..\Classes\BabyEngine\UserInterface\BaseHumanView.h">
      <Filter>src\BabyEngine\UserInterface</Filter>
    </ClInclude>
    <ClInclude Include="..\Classes\BabyWars\UserInterface\BabyWarsHumanView.h">
      <Filter>src\BabyWars\UserInterface</Filter>
    </ClInclude>
    <ClInclude Include="..\Classes\BabyEngine\UserInterface\GameViewID.h">
      <Filter>src\BabyEngine\UserInterface</Filter>
    </ClInclude>
    <ClInclude Include="..\Classes\BabyEngine\UserInterface\BaseGameView.h">
      <Filter>src\BabyEngine\UserInterface</Filter>
    </ClInclude>
    <ClInclude Include="..\Classes\BabyWars\Event\EvtDataDragScene.h">
      <Filter>src\BabyWars\Event</Filter>
    </ClInclude>
    <ClInclude Include="..\Classes\BabyWars\Event\EvtDataActivateUnitAtPosition.h">
      <Filter>src\BabyWars\Event</Filter>
    </ClInclude>
    <ClInclude Include="..\Classes\BabyWars\Event\EvtDataDeactivateActiveUnit.h">
      <Filter>src\BabyWars\Event</Filter>
    </ClInclude>
    <ClInclude Include="..\Classes\BabyWars\Script\MovingPathScript.h">
      <Filter>src\BabyWars\Script</Filter>
    </ClInclude>
    <ClInclude Include="..\Classes\BabyWars\Utilities\MovingArea.h">
      <Filter>src\BabyWars\Utilities</Filter>
    </ClInclude>
    <ClInclude Include="..\Classes\BabyWars\Script\MovingAreaGridScript.h">
      <Filter>src\BabyWars\Script</Filter>
    </ClInclude>
    <ClInclude Include="..\Classes\BabyWars\Script\MovingAreaScript.h">
      <Filter>src\BabyWars\Script</Filter>
    </ClInclude>
    <ClInclude Include="..\Classes\BabyWars\Utilities\MovingPath.h">
      <Filter>src\BabyWars\Utilities</Filter>
    </ClInclude>
    <ClInclude Include="..\Classes\BabyWars\Script\MovingPathGridScript.h">
      <Filter>src\BabyWars\Script</Filter>
    </ClInclude>
    <ClInclude Include="..\Classes\BabyWars\Event\EvtDataMakeMovingPath.h">
      <Filter>src\BabyWars\Event</Filter>
    </ClInclude>
    <ClInclude Include="..\Classes\BabyWars\Event\EvtDataFinishMakeMovingPath.h">
      <Filter>src\BabyWars\Event</Filter>
    </ClInclude>
    <ClInclude Include="..\Classes\BabyWars\Utilities\AdjacentDirection.h">
      <Filter>src\BabyWars\Utilities</Filter>
    </ClInclude>
    <ClInclude Include="..\Classes\BabyWars\Utilities\GridIndex.h">
      <Filter>src\BabyWars\Utilities</Filter>
    </ClInclude>
    <ClInclude Include="..\Classes\BabyWars\Utilities\Matrix2D.h">
      <Filter>src\BabyWars\Utilities</Filter>
    </ClInclude>
    <ClInclude Include="..\Classes\BabyWars\Utilities\Matrix2DDimension.h">
      <Filter>src\BabyWars\Utilities</Filter>
    </ClInclude>
    <ClInclude Include="..\Classes\BabyEngine\Actor\TransformComponent.h">
      <Filter>src\BabyEngine\Actor</Filter>
    </ClInclude>
    <ClInclude Include="..\Classes\BabyEngine\Actor\BaseRenderComponent.h">
      <Filter>src\BabyEngine\Actor\RenderComponent</Filter>
    </ClInclude>
    <ClInclude Include="..\Classes\BabyEngine\Actor\SpriteRenderComponent.h">
      <Filter>src\BabyEngine\Actor\RenderComponent</Filter>
    </ClInclude>
    <ClInclude Include="..\Classes\BabyEngine\Actor\SceneRenderComponent.h">
      <Filter>src\BabyEngine\Actor\RenderComponent</Filter>
    </ClInclude>
    <ClInclude Include="..\Classes\BabyEngine\Actor\GeneralRenderComponent.h">
      <Filter>src\BabyEngine\Actor\RenderComponent</Filter>
    </ClInclude>
    <ClInclude Include="..\Classes\BabyEngine\Graphic2D\BaseController.h">
      <Filter>src\BabyEngine\Graphic2D</Filter>
    </ClInclude>
    <ClInclude Include="..\Classes\BabyEngine\Utilities\SetSceneNodePropertiesWithXML.h">
      <Filter>src\BabyEngine\Utilities\XMLSerialization</Filter>
    </ClInclude>
    <ClInclude Include="..\Classes\BabyEngine\Utilities\XMLToColor3B.h">
      <Filter>src\BabyEngine\Utilities\XMLSerialization</Filter>
    </ClInclude>
    <ClInclude Include="..\Classes\BabyEngine\Utilities\XMLToLabel.h">
      <Filter>src\BabyEngine\Utilities\XMLSerialization</Filter>
    </ClInclude>
    <ClInclude Include="..\Classes\BabyEngine\Utilities\XMLToLayer.h">
      <Filter>src\BabyEngine\Utilities\XMLSerialization</Filter>
    </ClInclude>
    <ClInclude Include="..\Classes\BabyEngine\Utilities\XMLToMenu.h">
      <Filter>src\BabyEngine\Utilities\XMLSerialization</Filter>
    </ClInclude>
    <ClInclude Include="..\Classes\BabyEngine\Utilities\XMLToMenuItemImage.h">
      <Filter>src\BabyEngine\Utilities\XMLSerialization</Filter>
    </ClInclude>
    <ClInclude Include="..\Classes\BabyEngine\Utilities\XMLToNode.h">
      <Filter>src\BabyEngine\Utilities\XMLSerialization</Filter>
    </ClInclude>
    <ClInclude Include="..\Classes\BabyEngine\Utilities\XMLToParticleExplosion.h">
      <Filter>src\BabyEngine\Utilities\XMLSerialization</Filter>
    </ClInclude>
    <ClInclude Include="..\Classes\BabyEngine\Utilities\XMLToScene.h">
      <Filter>src\BabyEngine\Utilities\XMLSerialization</Filter>
    </ClInclude>
    <ClInclude Include="..\Classes\BabyEngine\Utilities\XMLToSprite.h">
      <Filter>src\BabyEngine\Utilities\XMLSerialization</Filter>
    </ClInclude>
    <ClInclude Include="..\Classes\BabyEngine\Utilities\XMLToTransitionScene.h">
      <Filter>src\BabyEngine\Utilities\XMLSerialization</Filter>
    </ClInclude>
    <ClInclude Include="..\Classes\BabyEngine\Event\EvtDataInputTouch.h">
      <Filter>src\BabyEngine\Event</Filter>
    </ClInclude>
    <ClInclude Include="..\Classes\BabyEngine\Event\EvtDataInputDrag.h">
      <Filter>src\BabyEngine\Event</Filter>
    </ClInclude>
    <ClInclude Include="..\Classes\BabyEngine\Graphic2D\TouchAndDragController.h">
      <Filter>src\BabyEngine\Graphic2D</Filter>
    </ClInclude>
    <ClInclude Include="..\Classes\BabyWars\Script\WarFieldScript.h">
      <Filter>src\BabyWars\Script</Filter>
    </ClInclude>
  </ItemGroup>
  <ItemGroup>
    <ResourceCompile Include="game.rc">
      <Filter>resource</Filter>
    </ResourceCompile>
  </ItemGroup>
</Project>