<?xml version="1.0" encoding="utf-8"?>
<Project ToolsVersion="4.0" xmlns="http://schemas.microsoft.com/developer/msbuild/2003">
  <ItemGroup>
    <Filter Include="win32">
      <UniqueIdentifier>{84a8ebd7-7cf0-47f6-b75e-d441df67da40}</UniqueIdentifier>
    </Filter>
    <Filter Include="resource">
      <UniqueIdentifier>{715254bc-d70b-4ec5-bf29-467dd3ace079}</UniqueIdentifier>
    </Filter>
    <Filter Include="src">
      <UniqueIdentifier>{bb6c862e-70e9-49d9-81b7-3829a6f50471}</UniqueIdentifier>
    </Filter>
    <Filter Include="src\BabyEngine">
      <UniqueIdentifier>{bd6deed9-c8ff-469e-88d4-f117d5833878}</UniqueIdentifier>
    </Filter>
    <Filter Include="src\BabyEngine\Actor">
      <UniqueIdentifier>{6457fc25-146b-4b27-8f30-a0b36c3d4228}</UniqueIdentifier>
    </Filter>
    <Filter Include="src\BabyEngine\Event">
      <UniqueIdentifier>{116807ac-e8f6-4a15-97d2-4f8c2ee36083}</UniqueIdentifier>
    </Filter>
    <Filter Include="src\BabyEngine\Graphic2D">
      <UniqueIdentifier>{3f12408d-454b-4032-bc1f-0e2d05249480}</UniqueIdentifier>
    </Filter>
    <Filter Include="src\BabyEngine\GameLogic">
      <UniqueIdentifier>{9dc9bba8-f129-4eac-b27b-71e836f8488b}</UniqueIdentifier>
    </Filter>
    <Filter Include="src\BabyEngine\Process">
      <UniqueIdentifier>{5256a001-f175-4c23-801e-116d96bdc276}</UniqueIdentifier>
    </Filter>
    <Filter Include="src\BabyWars">
      <UniqueIdentifier>{ee05c75d-9afb-41ed-955d-2c8becc4ccf0}</UniqueIdentifier>
    </Filter>
    <Filter Include="src\BabyWars\Resource">
      <UniqueIdentifier>{70db2d60-0cd9-40b2-af29-66ff802fac5a}</UniqueIdentifier>
    </Filter>
    <Filter Include="src\BabyWars\Script">
      <UniqueIdentifier>{0c297649-88d8-4607-9845-df3df3e91f4c}</UniqueIdentifier>
    </Filter>
    <Filter Include="src\BabyEngine\Utilities">
      <UniqueIdentifier>{7b5e476a-9b3b-4f4e-9cb0-fcd28bf93b08}</UniqueIdentifier>
    </Filter>
  </ItemGroup>
  <ItemGroup>
    <ClCompile Include="main.cpp">
      <Filter>win32</Filter>
    </ClCompile>
    <ClCompile Include="..\Classes\AppDelegate.cpp">
      <Filter>src</Filter>
    </ClCompile>
    <ClCompile Include="..\Classes\HelloWorldScene.cpp">
      <Filter>src</Filter>
    </ClCompile>
    <ClCompile Include="..\Classes\BabyEngine\Actor\Actor.cpp">
      <Filter>src\BabyEngine\Actor</Filter>
    </ClCompile>
    <ClCompile Include="..\Classes\BabyEngine\Actor\ActorComponent.cpp">
      <Filter>src\BabyEngine\Actor</Filter>
    </ClCompile>
    <ClCompile Include="..\Classes\BabyEngine\Actor\ActorFactory.cpp">
      <Filter>src\BabyEngine\Actor</Filter>
    </ClCompile>
    <ClCompile Include="..\Classes\BabyEngine\Actor\BaseRenderComponent.cpp">
      <Filter>src\BabyEngine\Actor</Filter>
    </ClCompile>
    <ClCompile Include="..\Classes\BabyEngine\Actor\BaseScriptComponent.cpp">
      <Filter>src\BabyEngine\Actor</Filter>
    </ClCompile>
    <ClCompile Include="..\Classes\BabyEngine\Actor\FiniteTimeActionComponent.cpp">
      <Filter>src\BabyEngine\Actor</Filter>
    </ClCompile>
    <ClCompile Include="..\Classes\BabyEngine\Actor\GeneralRenderComponent.cpp">
      <Filter>src\BabyEngine\Actor</Filter>
    </ClCompile>
    <ClCompile Include="..\Classes\BabyEngine\Event\EventDispatcher.cpp">
      <Filter>src\BabyEngine\Event</Filter>
    </ClCompile>
    <ClCompile Include="..\Classes\BabyEngine\Graphic2D\SceneStack.cpp">
      <Filter>src\BabyEngine\Graphic2D</Filter>
    </ClCompile>
    <ClCompile Include="..\Classes\BabyEngine\GameLogic\GameLogic.cpp">
      <Filter>src\BabyEngine\GameLogic</Filter>
    </ClCompile>
    <ClCompile Include="..\Classes\BabyEngine\Process\BaseProcess.cpp">
      <Filter>src\BabyEngine\Process</Filter>
    </ClCompile>
    <ClCompile Include="..\Classes\BabyEngine\Process\ProcessRunner.cpp">
      <Filter>src\BabyEngine\Process</Filter>
    </ClCompile>
    <ClCompile Include="..\Classes\BabyEngine\Utilities\GridIndex.cpp">
      <Filter>src\BabyEngine\Utilities</Filter>
    </ClCompile>
    <ClCompile Include="..\Classes\BabyEngine\Utilities\RelativePosition.cpp">
      <Filter>src\BabyEngine\Utilities</Filter>
    </ClCompile>
    <ClCompile Include="..\Classes\BabyEngine\Utilities\SingletonContainer.cpp">
      <Filter>src\BabyEngine\Utilities</Filter>
    </ClCompile>
    <ClCompile Include="..\Classes\BabyWars\Resource\ResourceLoader.cpp">
      <Filter>src\BabyWars\Resource</Filter>
    </ClCompile>
    <ClCompile Include="..\Classes\BabyWars\Resource\TileData.cpp">
      <Filter>src\BabyWars\Resource</Filter>
    </ClCompile>
    <ClCompile Include="..\Classes\BabyWars\Resource\UnitData.cpp">
      <Filter>src\BabyWars\Resource</Filter>
    </ClCompile>
    <ClCompile Include="..\Classes\BabyWars\Script\MovePathScript.cpp">
      <Filter>src\BabyWars\Script</Filter>
    </ClCompile>
    <ClCompile Include="..\Classes\BabyWars\Script\TileMapScript.cpp">
      <Filter>src\BabyWars\Script</Filter>
    </ClCompile>
    <ClCompile Include="..\Classes\BabyWars\Script\TileScript.cpp">
      <Filter>src\BabyWars\Script</Filter>
    </ClCompile>
    <ClCompile Include="..\Classes\BabyWars\Script\UnitMapScript.cpp">
      <Filter>src\BabyWars\Script</Filter>
    </ClCompile>
    <ClCompile Include="..\Classes\BabyWars\Script\UnitScript.cpp">
      <Filter>src\BabyWars\Script</Filter>
    </ClCompile>
    <ClCompile Include="..\Classes\BabyWars\Script\WarSceneScript.cpp">
      <Filter>src\BabyWars\Script</Filter>
    </ClCompile>
  </ItemGroup>
  <ItemGroup>
    <ClInclude Include="main.h">
      <Filter>win32</Filter>
    </ClInclude>
    <ClInclude Include="..\Classes\AppDelegate.h">
      <Filter>src</Filter>
    </ClInclude>
    <ClInclude Include="..\Classes\HelloWorldScene.h">
      <Filter>src</Filter>
    </ClInclude>
    <ClInclude Include="..\Classes\BabyEngine\Actor\Actor.h">
      <Filter>src\BabyEngine\Actor</Filter>
    </ClInclude>
    <ClInclude Include="..\Classes\BabyEngine\Actor\ActorComponent.h">
      <Filter>src\BabyEngine\Actor</Filter>
    </ClInclude>
    <ClInclude Include="..\Classes\BabyEngine\Actor\ActorFactory.h">
      <Filter>src\BabyEngine\Actor</Filter>
    </ClInclude>
    <ClInclude Include="..\Classes\BabyEngine\Actor\ActorID.h">
      <Filter>src\BabyEngine\Actor</Filter>
    </ClInclude>
    <ClInclude Include="..\Classes\BabyEngine\Actor\BaseRenderComponent.h">
      <Filter>src\BabyEngine\Actor</Filter>
    </ClInclude>
    <ClInclude Include="..\Classes\BabyEngine\Actor\BaseScriptComponent.h">
      <Filter>src\BabyEngine\Actor</Filter>
    </ClInclude>
    <ClInclude Include="..\Classes\BabyEngine\Actor\FiniteTimeActionComponent.h">
      <Filter>src\BabyEngine\Actor</Filter>
    </ClInclude>
    <ClInclude Include="..\Classes\BabyEngine\Actor\GeneralRenderComponent.h">
      <Filter>src\BabyEngine\Actor</Filter>
    </ClInclude>
    <ClInclude Include="..\Classes\BabyEngine\Actor\SoundPlayer.h">
      <Filter>src\BabyEngine\Actor</Filter>
    </ClInclude>
    <ClInclude Include="..\Classes\BabyEngine\Event\BaseEventData.h">
      <Filter>src\BabyEngine\Event</Filter>
    </ClInclude>
    <ClInclude Include="..\Classes\BabyEngine\Event\EventDispatcher.h">
      <Filter>src\BabyEngine\Event</Filter>
    </ClInclude>
    <ClInclude Include="..\Classes\BabyEngine\Event\EventType.h">
      <Filter>src\BabyEngine\Event</Filter>
    </ClInclude>
    <ClInclude Include="..\Classes\BabyEngine\Event\EvtDataGeneric.h">
      <Filter>src\BabyEngine\Event</Filter>
    </ClInclude>
    <ClInclude Include="..\Classes\BabyEngine\Event\EvtDataRequestDestroyActor.h">
      <Filter>src\BabyEngine\Event</Filter>
    </ClInclude>
    <ClInclude Include="..\Classes\BabyEngine\Event\IEventData.h">
      <Filter>src\BabyEngine\Event</Filter>
    </ClInclude>
    <ClInclude Include="..\Classes\BabyEngine\Event\IEventDispatcher.h">
      <Filter>src\BabyEngine\Event</Filter>
    </ClInclude>
    <ClInclude Include="..\Classes\BabyEngine\Event\IEventListener.h">
      <Filter>src\BabyEngine\Event</Filter>
    </ClInclude>
    <ClInclude Include="..\Classes\BabyEngine\Graphic2D\SceneStack.h">
      <Filter>src\BabyEngine\Graphic2D</Filter>
    </ClInclude>
    <ClInclude Include="..\Classes\BabyEngine\GameLogic\GameLogic.h">
      <Filter>src\BabyEngine\GameLogic</Filter>
    </ClInclude>
    <ClInclude Include="..\Classes\BabyEngine\Process\BaseProcess.h">
      <Filter>src\BabyEngine\Process</Filter>
    </ClInclude>
    <ClInclude Include="..\Classes\BabyEngine\Process\ProcessRunner.h">
      <Filter>src\BabyEngine\Process</Filter>
    </ClInclude>
    <ClInclude Include="..\Classes\BabyEngine\Utilities\GenericFactory.h">
      <Filter>src\BabyEngine\Utilities</Filter>
    </ClInclude>
    <ClInclude Include="..\Classes\BabyEngine\Utilities\GridIndex.h">
      <Filter>src\BabyEngine\Utilities</Filter>
    </ClInclude>
    <ClInclude Include="..\Classes\BabyEngine\Utilities\GridIndexPath.h">
      <Filter>src\BabyEngine\Utilities</Filter>
    </ClInclude>
    <ClInclude Include="..\Classes\BabyEngine\Utilities\Matrix2D.h">
      <Filter>src\BabyEngine\Utilities</Filter>
    </ClInclude>
    <ClInclude Include="..\Classes\BabyEngine\Utilities\Matrix2DDimension.h">
      <Filter>src\BabyEngine\Utilities</Filter>
    </ClInclude>
    <ClInclude Include="..\Classes\BabyEngine\Utilities\RelativePosition.h">
      <Filter>src\BabyEngine\Utilities</Filter>
    </ClInclude>
    <ClInclude Include="..\Classes\BabyEngine\Utilities\SingletonContainer.h">
      <Filter>src\BabyEngine\Utilities</Filter>
    </ClInclude>
    <ClInclude Include="..\Classes\BabyEngine\Utilities\StringToVector.h">
      <Filter>src\BabyEngine\Utilities</Filter>
    </ClInclude>
    <ClInclude Include="..\Classes\BabyWars\Resource\ResourceLoader.h">
      <Filter>src\BabyWars\Resource</Filter>
    </ClInclude>
    <ClInclude Include="..\Classes\BabyWars\Resource\TileData.h">
      <Filter>src\BabyWars\Resource</Filter>
    </ClInclude>
    <ClInclude Include="..\Classes\BabyWars\Resource\TileDataID.h">
      <Filter>src\BabyWars\Resource</Filter>
    </ClInclude>
    <ClInclude Include="..\Classes\BabyWars\Resource\UnitData.h">
      <Filter>src\BabyWars\Resource</Filter>
    </ClInclude>
    <ClInclude Include="..\Classes\BabyWars\Resource\UnitDataID.h">
      <Filter>src\BabyWars\Resource</Filter>
    </ClInclude>
    <ClInclude Include="..\Classes\BabyWars\Script\MovePathScript.h">
      <Filter>src\BabyWars\Script</Filter>
    </ClInclude>
    <ClInclude Include="..\Classes\BabyWars\Script\TileMapScript.h">
      <Filter>src\BabyWars\Script</Filter>
    </ClInclude>
    <ClInclude Include="..\Classes\BabyWars\Script\TileScript.h">
      <Filter>src\BabyWars\Script</Filter>
    </ClInclude>
    <ClInclude Include="..\Classes\BabyWars\Script\UnitMapScript.h">
      <Filter>src\BabyWars\Script</Filter>
    </ClInclude>
    <ClInclude Include="..\Classes\BabyWars\Script\UnitScript.h">
      <Filter>src\BabyWars\Script</Filter>
    </ClInclude>
    <ClInclude Include="..\Classes\BabyWars\Script\WarSceneScript.h">
      <Filter>src\BabyWars\Script</Filter>
    </ClInclude>
  </ItemGroup>
  <ItemGroup>
    <ResourceCompile Include="game.rc">
      <Filter>resource</Filter>
    </ResourceCompile>
  </ItemGroup>
</Project>